// !$*UTF8*$!
{
	archiveVersion = 1;
	classes = {
	};
	objectVersion = 50;
	objects = {

/* Begin PBXBuildFile section */
		7CB0DCDC25C5D8A100021AC8 /* AppDelegate.swift in Sources */ = {isa = PBXBuildFile; fileRef = 7CB0DCDB25C5D8A100021AC8 /* AppDelegate.swift */; };
		7CB0DCDE25C5D8A100021AC8 /* SceneDelegate.swift in Sources */ = {isa = PBXBuildFile; fileRef = 7CB0DCDD25C5D8A100021AC8 /* SceneDelegate.swift */; };
		7CB0DCE025C5D8A100021AC8 /* ViewController.swift in Sources */ = {isa = PBXBuildFile; fileRef = 7CB0DCDF25C5D8A100021AC8 /* ViewController.swift */; };
		7CB0DCE325C5D8A100021AC8 /* Main.storyboard in Resources */ = {isa = PBXBuildFile; fileRef = 7CB0DCE125C5D8A100021AC8 /* Main.storyboard */; };
		7CB0DCE525C5D8A100021AC8 /* Assets.xcassets in Resources */ = {isa = PBXBuildFile; fileRef = 7CB0DCE425C5D8A100021AC8 /* Assets.xcassets */; };
		7CB0DCE825C5D8A100021AC8 /* LaunchScreen.storyboard in Resources */ = {isa = PBXBuildFile; fileRef = 7CB0DCE625C5D8A100021AC8 /* LaunchScreen.storyboard */; };
		7CB0DCF325C5D8A100021AC8 /* flixtersTests.swift in Sources */ = {isa = PBXBuildFile; fileRef = 7CB0DCF225C5D8A100021AC8 /* flixtersTests.swift */; };
		7CB0DCFE25C5D8A100021AC8 /* flixtersUITests.swift in Sources */ = {isa = PBXBuildFile; fileRef = 7CB0DCFD25C5D8A100021AC8 /* flixtersUITests.swift */; };
/* End PBXBuildFile section */

/* Begin PBXContainerItemProxy section */
		7CB0DCEF25C5D8A100021AC8 /* PBXContainerItemProxy */ = {
			isa = PBXContainerItemProxy;
			containerPortal = 7CB0DCD025C5D8A100021AC8 /* Project object */;
			proxyType = 1;
			remoteGlobalIDString = 7CB0DCD725C5D8A100021AC8;
			remoteInfo = flixters;
		};
		7CB0DCFA25C5D8A100021AC8 /* PBXContainerItemProxy */ = {
			isa = PBXContainerItemProxy;
			containerPortal = 7CB0DCD025C5D8A100021AC8 /* Project object */;
			proxyType = 1;
			remoteGlobalIDString = 7CB0DCD725C5D8A100021AC8;
			remoteInfo = flixters;
		};
/* End PBXContainerItemProxy section */

/* Begin PBXFileReference section */
		7CB0DCD825C5D8A100021AC8 /* flixters.app */ = {isa = PBXFileReference; explicitFileType = wrapper.application; includeInIndex = 0; path = flixters.app; sourceTree = BUILT_PRODUCTS_DIR; };
		7CB0DCDB25C5D8A100021AC8 /* AppDelegate.swift */ = {isa = PBXFileReference; lastKnownFileType = sourcecode.swift; path = AppDelegate.swift; sourceTree = "<group>"; };
		7CB0DCDD25C5D8A100021AC8 /* SceneDelegate.swift */ = {isa = PBXFileReference; lastKnownFileType = sourcecode.swift; path = SceneDelegate.swift; sourceTree = "<group>"; };
		7CB0DCDF25C5D8A100021AC8 /* ViewController.swift */ = {isa = PBXFileReference; lastKnownFileType = sourcecode.swift; path = ViewController.swift; sourceTree = "<group>"; };
		7CB0DCE225C5D8A100021AC8 /* Base */ = {isa = PBXFileReference; lastKnownFileType = file.storyboard; name = Base; path = Base.lproj/Main.storyboard; sourceTree = "<group>"; };
		7CB0DCE425C5D8A100021AC8 /* Assets.xcassets */ = {isa = PBXFileReference; lastKnownFileType = folder.assetcatalog; path = Assets.xcassets; sourceTree = "<group>"; };
		7CB0DCE725C5D8A100021AC8 /* Base */ = {isa = PBXFileReference; lastKnownFileType = file.storyboard; name = Base; path = Base.lproj/LaunchScreen.storyboard; sourceTree = "<group>"; };
		7CB0DCE925C5D8A100021AC8 /* Info.plist */ = {isa = PBXFileReference; lastKnownFileType = text.plist.xml; path = Info.plist; sourceTree = "<group>"; };
		7CB0DCEE25C5D8A100021AC8 /* flixtersTests.xctest */ = {isa = PBXFileReference; explicitFileType = wrapper.cfbundle; includeInIndex = 0; path = flixtersTests.xctest; sourceTree = BUILT_PRODUCTS_DIR; };
		7CB0DCF225C5D8A100021AC8 /* flixtersTests.swift */ = {isa = PBXFileReference; lastKnownFileType = sourcecode.swift; path = flixtersTests.swift; sourceTree = "<group>"; };
		7CB0DCF425C5D8A100021AC8 /* Info.plist */ = {isa = PBXFileReference; lastKnownFileType = text.plist.xml; path = Info.plist; sourceTree = "<group>"; };
		7CB0DCF925C5D8A100021AC8 /* flixtersUITests.xctest */ = {isa = PBXFileReference; explicitFileType = wrapper.cfbundle; includeInIndex = 0; path = flixtersUITests.xctest; sourceTree = BUILT_PRODUCTS_DIR; };
		7CB0DCFD25C5D8A100021AC8 /* flixtersUITests.swift */ = {isa = PBXFileReference; lastKnownFileType = sourcecode.swift; path = flixtersUITests.swift; sourceTree = "<group>"; };
		7CB0DCFF25C5D8A100021AC8 /* Info.plist */ = {isa = PBXFileReference; lastKnownFileType = text.plist.xml; path = Info.plist; sourceTree = "<group>"; };
/* End PBXFileReference section */

/* Begin PBXFrameworksBuildPhase section */
		7CB0DCD525C5D8A100021AC8 /* Frameworks */ = {
			isa = PBXFrameworksBuildPhase;
			buildActionMask = 2147483647;
			files = (
			);
			runOnlyForDeploymentPostprocessing = 0;
		};
		7CB0DCEB25C5D8A100021AC8 /* Frameworks */ = {
			isa = PBXFrameworksBuildPhase;
			buildActionMask = 2147483647;
			files = (
			);
			runOnlyForDeploymentPostprocessing = 0;
		};
		7CB0DCF625C5D8A100021AC8 /* Frameworks */ = {
			isa = PBXFrameworksBuildPhase;
			buildActionMask = 2147483647;
			files = (
			);
			runOnlyForDeploymentPostprocessing = 0;
		};
/* End PBXFrameworksBuildPhase section */

/* Begin PBXGroup section */
		7CB0DCCF25C5D8A100021AC8 = {
			isa = PBXGroup;
			children = (
				7CB0DCDA25C5D8A100021AC8 /* flixters */,
				7CB0DCF125C5D8A100021AC8 /* flixtersTests */,
				7CB0DCFC25C5D8A100021AC8 /* flixtersUITests */,
				7CB0DCD925C5D8A100021AC8 /* Products */,
			);
			sourceTree = "<group>";
		};
		7CB0DCD925C5D8A100021AC8 /* Products */ = {
			isa = PBXGroup;
			children = (
				7CB0DCD825C5D8A100021AC8 /* flixters.app */,
				7CB0DCEE25C5D8A100021AC8 /* flixtersTests.xctest */,
				7CB0DCF925C5D8A100021AC8 /* flixtersUITests.xctest */,
			);
			name = Products;
			sourceTree = "<group>";
		};
		7CB0DCDA25C5D8A100021AC8 /* flixters */ = {
			isa = PBXGroup;
			children = (
				7CB0DCDB25C5D8A100021AC8 /* AppDelegate.swift */,
				7CB0DCDD25C5D8A100021AC8 /* SceneDelegate.swift */,
				7CB0DCDF25C5D8A100021AC8 /* ViewController.swift */,
				7CB0DCE125C5D8A100021AC8 /* Main.storyboard */,
				7CB0DCE425C5D8A100021AC8 /* Assets.xcassets */,
				7CB0DCE625C5D8A100021AC8 /* LaunchScreen.storyboard */,
				7CB0DCE925C5D8A100021AC8 /* Info.plist */,
			);
			path = flixters;
			sourceTree = "<group>";
		};
		7CB0DCF125C5D8A100021AC8 /* flixtersTests */ = {
			isa = PBXGroup;
			children = (
				7CB0DCF225C5D8A100021AC8 /* flixtersTests.swift */,
				7CB0DCF425C5D8A100021AC8 /* Info.plist */,
			);
			path = flixtersTests;
			sourceTree = "<group>";
		};
		7CB0DCFC25C5D8A100021AC8 /* flixtersUITests */ = {
			isa = PBXGroup;
			children = (
				7CB0DCFD25C5D8A100021AC8 /* flixtersUITests.swift */,
				7CB0DCFF25C5D8A100021AC8 /* Info.plist */,
			);
			path = flixtersUITests;
			sourceTree = "<group>";
		};
/* End PBXGroup section */

/* Begin PBXNativeTarget section */
		7CB0DCD725C5D8A100021AC8 /* flixters */ = {
			isa = PBXNativeTarget;
			buildConfigurationList = 7CB0DD0225C5D8A100021AC8 /* Build configuration list for PBXNativeTarget "flixters" */;
			buildPhases = (
				7CB0DCD425C5D8A100021AC8 /* Sources */,
				7CB0DCD525C5D8A100021AC8 /* Frameworks */,
				7CB0DCD625C5D8A100021AC8 /* Resources */,
			);
			buildRules = (
			);
			dependencies = (
			);
			name = flixters;
			productName = flixters;
			productReference = 7CB0DCD825C5D8A100021AC8 /* flixters.app */;
			productType = "com.apple.product-type.application";
		};
		7CB0DCED25C5D8A100021AC8 /* flixtersTests */ = {
			isa = PBXNativeTarget;
			buildConfigurationList = 7CB0DD0525C5D8A100021AC8 /* Build configuration list for PBXNativeTarget "flixtersTests" */;
			buildPhases = (
				7CB0DCEA25C5D8A100021AC8 /* Sources */,
				7CB0DCEB25C5D8A100021AC8 /* Frameworks */,
				7CB0DCEC25C5D8A100021AC8 /* Resources */,
			);
			buildRules = (
			);
			dependencies = (
				7CB0DCF025C5D8A100021AC8 /* PBXTargetDependency */,
			);
			name = flixtersTests;
			productName = flixtersTests;
			productReference = 7CB0DCEE25C5D8A100021AC8 /* flixtersTests.xctest */;
			productType = "com.apple.product-type.bundle.unit-test";
		};
		7CB0DCF825C5D8A100021AC8 /* flixtersUITests */ = {
			isa = PBXNativeTarget;
			buildConfigurationList = 7CB0DD0825C5D8A100021AC8 /* Build configuration list for PBXNativeTarget "flixtersUITests" */;
			buildPhases = (
				7CB0DCF525C5D8A100021AC8 /* Sources */,
				7CB0DCF625C5D8A100021AC8 /* Frameworks */,
				7CB0DCF725C5D8A100021AC8 /* Resources */,
			);
			buildRules = (
			);
			dependencies = (
				7CB0DCFB25C5D8A100021AC8 /* PBXTargetDependency */,
			);
			name = flixtersUITests;
			productName = flixtersUITests;
			productReference = 7CB0DCF925C5D8A100021AC8 /* flixtersUITests.xctest */;
			productType = "com.apple.product-type.bundle.ui-testing";
		};
/* End PBXNativeTarget section */

/* Begin PBXProject section */
		7CB0DCD025C5D8A100021AC8 /* Project object */ = {
			isa = PBXProject;
			attributes = {
				LastSwiftUpdateCheck = 1240;
				LastUpgradeCheck = 1240;
				TargetAttributes = {
					7CB0DCD725C5D8A100021AC8 = {
						CreatedOnToolsVersion = 12.4;
					};
					7CB0DCED25C5D8A100021AC8 = {
						CreatedOnToolsVersion = 12.4;
						TestTargetID = 7CB0DCD725C5D8A100021AC8;
					};
					7CB0DCF825C5D8A100021AC8 = {
						CreatedOnToolsVersion = 12.4;
						TestTargetID = 7CB0DCD725C5D8A100021AC8;
					};
				};
			};
			buildConfigurationList = 7CB0DCD325C5D8A100021AC8 /* Build configuration list for PBXProject "flixters" */;
			compatibilityVersion = "Xcode 9.3";
			developmentRegion = en;
			hasScannedForEncodings = 0;
			knownRegions = (
				en,
				Base,
			);
			mainGroup = 7CB0DCCF25C5D8A100021AC8;
			productRefGroup = 7CB0DCD925C5D8A100021AC8 /* Products */;
			projectDirPath = "";
			projectRoot = "";
			targets = (
				7CB0DCD725C5D8A100021AC8 /* flixters */,
				7CB0DCED25C5D8A100021AC8 /* flixtersTests */,
				7CB0DCF825C5D8A100021AC8 /* flixtersUITests */,
			);
		};
/* End PBXProject section */

/* Begin PBXResourcesBuildPhase section */
		7CB0DCD625C5D8A100021AC8 /* Resources */ = {
			isa = PBXResourcesBuildPhase;
			buildActionMask = 2147483647;
			files = (
				7CB0DCE825C5D8A100021AC8 /* LaunchScreen.storyboard in Resources */,
				7CB0DCE525C5D8A100021AC8 /* Assets.xcassets in Resources */,
				7CB0DCE325C5D8A100021AC8 /* Main.storyboard in Resources */,
			);
			runOnlyForDeploymentPostprocessing = 0;
		};
		7CB0DCEC25C5D8A100021AC8 /* Resources */ = {
			isa = PBXResourcesBuildPhase;
			buildActionMask = 2147483647;
			files = (
			);
			runOnlyForDeploymentPostprocessing = 0;
		};
		7CB0DCF725C5D8A100021AC8 /* Resources */ = {
			isa = PBXResourcesBuildPhase;
			buildActionMask = 2147483647;
			files = (
			);
			runOnlyForDeploymentPostprocessing = 0;
		};
/* End PBXResourcesBuildPhase section */

/* Begin PBXSourcesBuildPhase section */
		7CB0DCD425C5D8A100021AC8 /* Sources */ = {
			isa = PBXSourcesBuildPhase;
			buildActionMask = 2147483647;
			files = (
				7CB0DCE025C5D8A100021AC8 /* ViewController.swift in Sources */,
				7CB0DCDC25C5D8A100021AC8 /* AppDelegate.swift in Sources */,
				7CB0DCDE25C5D8A100021AC8 /* SceneDelegate.swift in Sources */,
			);
			runOnlyForDeploymentPostprocessing = 0;
		};
		7CB0DCEA25C5D8A100021AC8 /* Sources */ = {
			isa = PBXSourcesBuildPhase;
			buildActionMask = 2147483647;
			files = (
				7CB0DCF325C5D8A100021AC8 /* flixtersTests.swift in Sources */,
			);
			runOnlyForDeploymentPostprocessing = 0;
		};
		7CB0DCF525C5D8A100021AC8 /* Sources */ = {
			isa = PBXSourcesBuildPhase;
			buildActionMask = 2147483647;
			files = (
				7CB0DCFE25C5D8A100021AC8 /* flixtersUITests.swift in Sources */,
			);
			runOnlyForDeploymentPostprocessing = 0;
		};
/* End PBXSourcesBuildPhase section */

/* Begin PBXTargetDependency section */
		7CB0DCF025C5D8A100021AC8 /* PBXTargetDependency */ = {
			isa = PBXTargetDependency;
			target = 7CB0DCD725C5D8A100021AC8 /* flixters */;
			targetProxy = 7CB0DCEF25C5D8A100021AC8 /* PBXContainerItemProxy */;
		};
		7CB0DCFB25C5D8A100021AC8 /* PBXTargetDependency */ = {
			isa = PBXTargetDependency;
			target = 7CB0DCD725C5D8A100021AC8 /* flixters */;
			targetProxy = 7CB0DCFA25C5D8A100021AC8 /* PBXContainerItemProxy */;
		};
/* End PBXTargetDependency section */

/* Begin PBXVariantGroup section */
		7CB0DCE125C5D8A100021AC8 /* Main.storyboard */ = {
			isa = PBXVariantGroup;
			children = (
				7CB0DCE225C5D8A100021AC8 /* Base */,
			);
			name = Main.storyboard;
			sourceTree = "<group>";
		};
		7CB0DCE625C5D8A100021AC8 /* LaunchScreen.storyboard */ = {
			isa = PBXVariantGroup;
			children = (
				7CB0DCE725C5D8A100021AC8 /* Base */,
			);
			name = LaunchScreen.storyboard;
			sourceTree = "<group>";
		};
/* End PBXVariantGroup section */

/* Begin XCBuildConfiguration section */
		7CB0DD0025C5D8A100021AC8 /* Debug */ = {
			isa = XCBuildConfiguration;
			buildSettings = {
				ALWAYS_SEARCH_USER_PATHS = NO;
				CLANG_ANALYZER_NONNULL = YES;
				CLANG_ANALYZER_NUMBER_OBJECT_CONVERSION = YES_AGGRESSIVE;
				CLANG_CXX_LANGUAGE_STANDARD = "gnu++14";
				CLANG_CXX_LIBRARY = "libc++";
				CLANG_ENABLE_MODULES = YES;
				CLANG_ENABLE_OBJC_ARC = YES;
				CLANG_ENABLE_OBJC_WEAK = YES;
				CLANG_WARN_BLOCK_CAPTURE_AUTORELEASING = YES;
				CLANG_WARN_BOOL_CONVERSION = YES;
				CLANG_WARN_COMMA = YES;
				CLANG_WARN_CONSTANT_CONVERSION = YES;
				CLANG_WARN_DEPRECATED_OBJC_IMPLEMENTATIONS = YES;
				CLANG_WARN_DIRECT_OBJC_ISA_USAGE = YES_ERROR;
				CLANG_WARN_DOCUMENTATION_COMMENTS = YES;
				CLANG_WARN_EMPTY_BODY = YES;
				CLANG_WARN_ENUM_CONVERSION = YES;
				CLANG_WARN_INFINITE_RECURSION = YES;
				CLANG_WARN_INT_CONVERSION = YES;
				CLANG_WARN_NON_LITERAL_NULL_CONVERSION = YES;
				CLANG_WARN_OBJC_IMPLICIT_RETAIN_SELF = YES;
				CLANG_WARN_OBJC_LITERAL_CONVERSION = YES;
				CLANG_WARN_OBJC_ROOT_CLASS = YES_ERROR;
				CLANG_WARN_QUOTED_INCLUDE_IN_FRAMEWORK_HEADER = YES;
				CLANG_WARN_RANGE_LOOP_ANALYSIS = YES;
				CLANG_WARN_STRICT_PROTOTYPES = YES;
				CLANG_WARN_SUSPICIOUS_MOVE = YES;
				CLANG_WARN_UNGUARDED_AVAILABILITY = YES_AGGRESSIVE;
				CLANG_WARN_UNREACHABLE_CODE = YES;
				CLANG_WARN__DUPLICATE_METHOD_MATCH = YES;
				COPY_PHASE_STRIP = NO;
				DEBUG_INFORMATION_FORMAT = dwarf;
				ENABLE_STRICT_OBJC_MSGSEND = YES;
				ENABLE_TESTABILITY = YES;
				GCC_C_LANGUAGE_STANDARD = gnu11;
				GCC_DYNAMIC_NO_PIC = NO;
				GCC_NO_COMMON_BLOCKS = YES;
				GCC_OPTIMIZATION_LEVEL = 0;
				GCC_PREPROCESSOR_DEFINITIONS = (
					"DEBUG=1",
					"$(inherited)",
				);
				GCC_WARN_64_TO_32_BIT_CONVERSION = YES;
				GCC_WARN_ABOUT_RETURN_TYPE = YES_ERROR;
				GCC_WARN_UNDECLARED_SELECTOR = YES;
				GCC_WARN_UNINITIALIZED_AUTOS = YES_AGGRESSIVE;
				GCC_WARN_UNUSED_FUNCTION = YES;
				GCC_WARN_UNUSED_VARIABLE = YES;
				IPHONEOS_DEPLOYMENT_TARGET = 14.4;
				MTL_ENABLE_DEBUG_INFO = INCLUDE_SOURCE;
				MTL_FAST_MATH = YES;
				ONLY_ACTIVE_ARCH = YES;
				SDKROOT = iphoneos;
				SWIFT_ACTIVE_COMPILATION_CONDITIONS = DEBUG;
				SWIFT_OPTIMIZATION_LEVEL = "-Onone";
			};
			name = Debug;
		};
		7CB0DD0125C5D8A100021AC8 /* Release */ = {
			isa = XCBuildConfiguration;
			buildSettings = {
				ALWAYS_SEARCH_USER_PATHS = NO;
				CLANG_ANALYZER_NONNULL = YES;
				CLANG_ANALYZER_NUMBER_OBJECT_CONVERSION = YES_AGGRESSIVE;
				CLANG_CXX_LANGUAGE_STANDARD = "gnu++14";
				CLANG_CXX_LIBRARY = "libc++";
				CLANG_ENABLE_MODULES = YES;
				CLANG_ENABLE_OBJC_ARC = YES;
				CLANG_ENABLE_OBJC_WEAK = YES;
				CLANG_WARN_BLOCK_CAPTURE_AUTORELEASING = YES;
				CLANG_WARN_BOOL_CONVERSION = YES;
				CLANG_WARN_COMMA = YES;
				CLANG_WARN_CONSTANT_CONVERSION = YES;
				CLANG_WARN_DEPRECATED_OBJC_IMPLEMENTATIONS = YES;
				CLANG_WARN_DIRECT_OBJC_ISA_USAGE = YES_ERROR;
				CLANG_WARN_DOCUMENTATION_COMMENTS = YES;
				CLANG_WARN_EMPTY_BODY = YES;
				CLANG_WARN_ENUM_CONVERSION = YES;
				CLANG_WARN_INFINITE_RECURSION = YES;
				CLANG_WARN_INT_CONVERSION = YES;
				CLANG_WARN_NON_LITERAL_NULL_CONVERSION = YES;
				CLANG_WARN_OBJC_IMPLICIT_RETAIN_SELF = YES;
				CLANG_WARN_OBJC_LITERAL_CONVERSION = YES;
				CLANG_WARN_OBJC_ROOT_CLASS = YES_ERROR;
				CLANG_WARN_QUOTED_INCLUDE_IN_FRAMEWORK_HEADER = YES;
				CLANG_WARN_RANGE_LOOP_ANALYSIS = YES;
				CLANG_WARN_STRICT_PROTOTYPES = YES;
				CLANG_WARN_SUSPICIOUS_MOVE = YES;
				CLANG_WARN_UNGUARDED_AVAILABILITY = YES_AGGRESSIVE;
				CLANG_WARN_UNREACHABLE_CODE = YES;
				CLANG_WARN__DUPLICATE_METHOD_MATCH = YES;
				COPY_PHASE_STRIP = NO;
				DEBUG_INFORMATION_FORMAT = "dwarf-with-dsym";
				ENABLE_NS_ASSERTIONS = NO;
				ENABLE_STRICT_OBJC_MSGSEND = YES;
				GCC_C_LANGUAGE_STANDARD = gnu11;
				GCC_NO_COMMON_BLOCKS = YES;
				GCC_WARN_64_TO_32_BIT_CONVERSION = YES;
				GCC_WARN_ABOUT_RETURN_TYPE = YES_ERROR;
				GCC_WARN_UNDECLARED_SELECTOR = YES;
				GCC_WARN_UNINITIALIZED_AUTOS = YES_AGGRESSIVE;
				GCC_WARN_UNUSED_FUNCTION = YES;
				GCC_WARN_UNUSED_VARIABLE = YES;
				IPHONEOS_DEPLOYMENT_TARGET = 14.4;
				MTL_ENABLE_DEBUG_INFO = NO;
				MTL_FAST_MATH = YES;
				SDKROOT = iphoneos;
				SWIFT_COMPILATION_MODE = wholemodule;
				SWIFT_OPTIMIZATION_LEVEL = "-O";
				VALIDATE_PRODUCT = YES;
			};
			name = Release;
		};
		7CB0DD0325C5D8A100021AC8 /* Debug */ = {
			isa = XCBuildConfiguration;
			buildSettings = {
				ASSETCATALOG_COMPILER_APPICON_NAME = AppIcon;
				ASSETCATALOG_COMPILER_GLOBAL_ACCENT_COLOR_NAME = AccentColor;
				CODE_SIGN_STYLE = Automatic;
				INFOPLIST_FILE = flixters/Info.plist;
				LD_RUNPATH_SEARCH_PATHS = (
					"$(inherited)",
					"@executable_path/Frameworks",
				);
				PRODUCT_BUNDLE_IDENTIFIER = WillGerber.flixters;
				PRODUCT_NAME = "$(TARGET_NAME)";
				SWIFT_VERSION = 5.0;
				TARGETED_DEVICE_FAMILY = "1,2";
			};
			name = Debug;
		};
		7CB0DD0425C5D8A100021AC8 /* Release */ = {
			isa = XCBuildConfiguration;
			buildSettings = {
				ASSETCATALOG_COMPILER_APPICON_NAME = AppIcon;
				ASSETCATALOG_COMPILER_GLOBAL_ACCENT_COLOR_NAME = AccentColor;
				CODE_SIGN_STYLE = Automatic;
				INFOPLIST_FILE = flixters/Info.plist;
				LD_RUNPATH_SEARCH_PATHS = (
					"$(inherited)",
					"@executable_path/Frameworks",
				);
				PRODUCT_BUNDLE_IDENTIFIER = WillGerber.flixters;
				PRODUCT_NAME = "$(TARGET_NAME)";
				SWIFT_VERSION = 5.0;
				TARGETED_DEVICE_FAMILY = "1,2";
			};
			name = Release;
		};
		7CB0DD0625C5D8A100021AC8 /* Debug */ = {
			isa = XCBuildConfiguration;
			buildSettings = {
				ALWAYS_EMBED_SWIFT_STANDARD_LIBRARIES = YES;
				BUNDLE_LOADER = "$(TEST_HOST)";
				CODE_SIGN_STYLE = Automatic;
				INFOPLIST_FILE = flixtersTests/Info.plist;
				IPHONEOS_DEPLOYMENT_TARGET = 14.4;
				LD_RUNPATH_SEARCH_PATHS = (
					"$(inherited)",
					"@executable_path/Frameworks",
					"@loader_path/Frameworks",
				);
				PRODUCT_BUNDLE_IDENTIFIER = WillGerber.flixtersTests;
				PRODUCT_NAME = "$(TARGET_NAME)";
				SWIFT_VERSION = 5.0;
				TARGETED_DEVICE_FAMILY = "1,2";
				TEST_HOST = "$(BUILT_PRODUCTS_DIR)/flixters.app/flixters";
			};
			name = Debug;
		};
		7CB0DD0725C5D8A100021AC8 /* Release */ = {
			isa = XCBuildConfiguration;
			buildSettings = {
				ALWAYS_EMBED_SWIFT_STANDARD_LIBRARIES = YES;
				BUNDLE_LOADER = "$(TEST_HOST)";
				CODE_SIGN_STYLE = Automatic;
				INFOPLIST_FILE = flixtersTests/Info.plist;
				IPHONEOS_DEPLOYMENT_TARGET = 14.4;
				LD_RUNPATH_SEARCH_PATHS = (
					"$(inherited)",
					"@executable_path/Frameworks",
					"@loader_path/Frameworks",
				);
				PRODUCT_BUNDLE_IDENTIFIER = WillGerber.flixtersTests;
				PRODUCT_NAME = "$(TARGET_NAME)";
				SWIFT_VERSION = 5.0;
				TARGETED_DEVICE_FAMILY = "1,2";
				TEST_HOST = "$(BUILT_PRODUCTS_DIR)/flixters.app/flixters";
			};
			name = Release;
		};
		7CB0DD0925C5D8A100021AC8 /* Debug */ = {
			isa = XCBuildConfiguration;
			buildSettings = {
				ALWAYS_EMBED_SWIFT_STANDARD_LIBRARIES = YES;
				CODE_SIGN_STYLE = Automatic;
				INFOPLIST_FILE = flixtersUITests/Info.plist;
				LD_RUNPATH_SEARCH_PATHS = (
					"$(inherited)",
					"@executable_path/Frameworks",
					"@loader_path/Frameworks",
				);
				PRODUCT_BUNDLE_IDENTIFIER = WillGerber.flixtersUITests;
				PRODUCT_NAME = "$(TARGET_NAME)";
				SWIFT_VERSION = 5.0;
				TARGETED_DEVICE_FAMILY = "1,2";
				TEST_TARGET_NAME = flixters;
			};
			name = Debug;
		};
		7CB0DD0A25C5D8A100021AC8 /* Release */ = {
			isa = XCBuildConfiguration;
			buildSettings = {
				ALWAYS_EMBED_SWIFT_STANDARD_LIBRARIES = YES;
				CODE_SIGN_STYLE = Automatic;
				INFOPLIST_FILE = flixtersUITests/Info.plist;
				LD_RUNPATH_SEARCH_PATHS = (
					"$(inherited)",
					"@executable_path/Frameworks",
					"@loader_path/Frameworks",
				);
				PRODUCT_BUNDLE_IDENTIFIER = WillGerber.flixtersUITests;
				PRODUCT_NAME = "$(TARGET_NAME)";
				SWIFT_VERSION = 5.0;
				TARGETED_DEVICE_FAMILY = "1,2";
				TEST_TARGET_NAME = flixters;
			};
			name = Release;
		};
/* End XCBuildConfiguration section */

/* Begin XCConfigurationList section */
		7CB0DCD325C5D8A100021AC8 /* Build configuration list for PBXProject "flixters" */ = {
			isa = XCConfigurationList;
			buildConfigurations = (
				7CB0DD0025C5D8A100021AC8 /* Debug */,
				7CB0DD0125C5D8A100021AC8 /* Release */,
			);
			defaultConfigurationIsVisible = 0;
			defaultConfigurationName = Release;
		};
		7CB0DD0225C5D8A100021AC8 /* Build configuration list for PBXNativeTarget "flixters" */ = {
			isa = XCConfigurationList;
			buildConfigurations = (
				7CB0DD0325C5D8A100021AC8 /* Debug */,
				7CB0DD0425C5D8A100021AC8 /* Release */,
			);
			defaultConfigurationIsVisible = 0;
			defaultConfigurationName = Release;
		};
		7CB0DD0525C5D8A100021AC8 /* Build configuration list for PBXNativeTarget "flixtersTests" */ = {
			isa = XCConfigurationList;
			buildConfigurations = (
				7CB0DD0625C5D8A100021AC8 /* Debug */,
				7CB0DD0725C5D8A100021AC8 /* Release */,
			);
			defaultConfigurationIsVisible = 0;
			defaultConfigurationName = Release;
		};
		7CB0DD0825C5D8A100021AC8 /* Build configuration list for PBXNativeTarget "flixtersUITests" */ = {
			isa = XCConfigurationList;
			buildConfigurations = (
				7CB0DD0925C5D8A100021AC8 /* Debug */,
				7CB0DD0A25C5D8A100021AC8 /* Release */,
			);
			defaultConfigurationIsVisible = 0;
			defaultConfigurationName = Release;
		};
/* End XCConfigurationList section */
	};
	rootObject = 7CB0DCD025C5D8A100021AC8 /* Project object */;
}
